// !$*UTF8*$!
{
	archiveVersion = 1;
	classes = {
	};
	objectVersion = 77;
	objects = {

/* Begin PBXContainerItemProxy section */
		DA165B122E116E1D000C94E6 /* PBXContainerItemProxy */ = {
			isa = PBXContainerItemProxy;
			containerPortal = DA165AFC2E116E1C000C94E6 /* Project object */;
			proxyType = 1;
			remoteGlobalIDString = DA165B032E116E1C000C94E6;
			remoteInfo = LiquidGlass;
		};
		DA165B1C2E116E1D000C94E6 /* PBXContainerItemProxy */ = {
			isa = PBXContainerItemProxy;
			containerPortal = DA165AFC2E116E1C000C94E6 /* Project object */;
			proxyType = 1;
			remoteGlobalIDString = DA165B032E116E1C000C94E6;
			remoteInfo = LiquidGlass;
		};
/* End PBXContainerItemProxy section */

/* Begin PBXFileReference section */
		DA165B042E116E1C000C94E6 /* LiquidGlass.app */ = {isa = PBXFileReference; explicitFileType = wrapper.application; includeInIndex = 0; path = LiquidGlass.app; sourceTree = BUILT_PRODUCTS_DIR; };
		DA165B112E116E1D000C94E6 /* LiquidGlassTests.xctest */ = {isa = PBXFileReference; explicitFileType = wrapper.cfbundle; includeInIndex = 0; path = LiquidGlassTests.xctest; sourceTree = BUILT_PRODUCTS_DIR; };
		DA165B1B2E116E1D000C94E6 /* LiquidGlassUITests.xctest */ = {isa = PBXFileReference; explicitFileType = wrapper.cfbundle; includeInIndex = 0; path = LiquidGlassUITests.xctest; sourceTree = BUILT_PRODUCTS_DIR; };
/* End PBXFileReference section */

/* Begin PBXFileSystemSynchronizedRootGroup section */
		DA165B062E116E1C000C94E6 /* LiquidGlass */ = {
			isa = PBXFileSystemSynchronizedRootGroup;
			path = LiquidGlass;
			sourceTree = "<group>";
		};
		DA165B142E116E1D000C94E6 /* LiquidGlassTests */ = {
			isa = PBXFileSystemSynchronizedRootGroup;
			path = LiquidGlassTests;
			sourceTree = "<group>";
		};
		DA165B1E2E116E1D000C94E6 /* LiquidGlassUITests */ = {
			isa = PBXFileSystemSynchronizedRootGroup;
			path = LiquidGlassUITests;
			sourceTree = "<group>";
		};
/* End PBXFileSystemSynchronizedRootGroup section */

/* Begin PBXFrameworksBuildPhase section */
		DA165B012E116E1C000C94E6 /* Frameworks */ = {
			isa = PBXFrameworksBuildPhase;
			buildActionMask = 2147483647;
			files = (
			);
			runOnlyForDeploymentPostprocessing = 0;
		};
		DA165B0E2E116E1D000C94E6 /* Frameworks */ = {
			isa = PBXFrameworksBuildPhase;
			buildActionMask = 2147483647;
			files = (
			);
			runOnlyForDeploymentPostprocessing = 0;
		};
		DA165B182E116E1D000C94E6 /* Frameworks */ = {
			isa = PBXFrameworksBuildPhase;
			buildActionMask = 2147483647;
			files = (
			);
			runOnlyForDeploymentPostprocessing = 0;
		};
/* End PBXFrameworksBuildPhase section */

/* Begin PBXGroup section */
		DA165AFB2E116E1C000C94E6 = {
			isa = PBXGroup;
			children = (
				DA165B062E116E1C000C94E6 /* LiquidGlass */,
				DA165B142E116E1D000C94E6 /* LiquidGlassTests */,
				DA165B1E2E116E1D000C94E6 /* LiquidGlassUITests */,
				DA165B052E116E1C000C94E6 /* Products */,
			);
			sourceTree = "<group>";
		};
		DA165B052E116E1C000C94E6 /* Products */ = {
			isa = PBXGroup;
			children = (
				DA165B042E116E1C000C94E6 /* LiquidGlass.app */,
				DA165B112E116E1D000C94E6 /* LiquidGlassTests.xctest */,
				DA165B1B2E116E1D000C94E6 /* LiquidGlassUITests.xctest */,
			);
			name = Products;
			sourceTree = "<group>";
		};
/* End PBXGroup section */

/* Begin PBXNativeTarget section */
		DA165B032E116E1C000C94E6 /* LiquidGlass */ = {
			isa = PBXNativeTarget;
			buildConfigurationList = DA165B252E116E1D000C94E6 /* Build configuration list for PBXNativeTarget "LiquidGlass" */;
			buildPhases = (
				DA165B002E116E1C000C94E6 /* Sources */,
				DA165B012E116E1C000C94E6 /* Frameworks */,
				DA165B022E116E1C000C94E6 /* Resources */,
			);
			buildRules = (
			);
			dependencies = (
			);
			fileSystemSynchronizedGroups = (
				DA165B062E116E1C000C94E6 /* LiquidGlass */,
			);
			name = LiquidGlass;
			packageProductDependencies = (
			);
			productName = LiquidGlass;
			productReference = DA165B042E116E1C000C94E6 /* LiquidGlass.app */;
			productType = "com.apple.product-type.application";
		};
		DA165B102E116E1D000C94E6 /* LiquidGlassTests */ = {
			isa = PBXNativeTarget;
			buildConfigurationList = DA165B282E116E1D000C94E6 /* Build configuration list for PBXNativeTarget "LiquidGlassTests" */;
			buildPhases = (
				DA165B0D2E116E1D000C94E6 /* Sources */,
				DA165B0E2E116E1D000C94E6 /* Frameworks */,
				DA165B0F2E116E1D000C94E6 /* Resources */,
			);
			buildRules = (
			);
			dependencies = (
				DA165B132E116E1D000C94E6 /* PBXTargetDependency */,
			);
			fileSystemSynchronizedGroups = (
				DA165B142E116E1D000C94E6 /* LiquidGlassTests */,
			);
			name = LiquidGlassTests;
			packageProductDependencies = (
			);
			productName = LiquidGlassTests;
			productReference = DA165B112E116E1D000C94E6 /* LiquidGlassTests.xctest */;
			productType = "com.apple.product-type.bundle.unit-test";
		};
		DA165B1A2E116E1D000C94E6 /* LiquidGlassUITests */ = {
			isa = PBXNativeTarget;
			buildConfigurationList = DA165B2B2E116E1D000C94E6 /* Build configuration list for PBXNativeTarget "LiquidGlassUITests" */;
			buildPhases = (
				DA165B172E116E1D000C94E6 /* Sources */,
				DA165B182E116E1D000C94E6 /* Frameworks */,
				DA165B192E116E1D000C94E6 /* Resources */,
			);
			buildRules = (
			);
			dependencies = (
				DA165B1D2E116E1D000C94E6 /* PBXTargetDependency */,
			);
			fileSystemSynchronizedGroups = (
				DA165B1E2E116E1D000C94E6 /* LiquidGlassUITests */,
			);
			name = LiquidGlassUITests;
			packageProductDependencies = (
			);
			productName = LiquidGlassUITests;
			productReference = DA165B1B2E116E1D000C94E6 /* LiquidGlassUITests.xctest */;
			productType = "com.apple.product-type.bundle.ui-testing";
		};
/* End PBXNativeTarget section */

/* Begin PBXProject section */
		DA165AFC2E116E1C000C94E6 /* Project object */ = {
			isa = PBXProject;
			attributes = {
				BuildIndependentTargetsInParallel = 1;
				LastSwiftUpdateCheck = 1640;
				LastUpgradeCheck = 1640;
				TargetAttributes = {
					DA165B032E116E1C000C94E6 = {
						CreatedOnToolsVersion = 16.4;
					};
					DA165B102E116E1D000C94E6 = {
						CreatedOnToolsVersion = 16.4;
						TestTargetID = DA165B032E116E1C000C94E6;
					};
					DA165B1A2E116E1D000C94E6 = {
						CreatedOnToolsVersion = 16.4;
						TestTargetID = DA165B032E116E1C000C94E6;
					};
				};
			};
			buildConfigurationList = DA165AFF2E116E1C000C94E6 /* Build configuration list for PBXProject "LiquidGlass" */;
			developmentRegion = en;
			hasScannedForEncodings = 0;
			knownRegions = (
				en,
				Base,
			);
			mainGroup = DA165AFB2E116E1C000C94E6;
			minimizedProjectReferenceProxies = 1;
			preferredProjectObjectVersion = 77;
			productRefGroup = DA165B052E116E1C000C94E6 /* Products */;
			projectDirPath = "";
			projectRoot = "";
			targets = (
				DA165B032E116E1C000C94E6 /* LiquidGlass */,
				DA165B102E116E1D000C94E6 /* LiquidGlassTests */,
				DA165B1A2E116E1D000C94E6 /* LiquidGlassUITests */,
			);
		};
/* End PBXProject section */

/* Begin PBXResourcesBuildPhase section */
		DA165B022E116E1C000C94E6 /* Resources */ = {
			isa = PBXResourcesBuildPhase;
			buildActionMask = 2147483647;
			files = (
			);
			runOnlyForDeploymentPostprocessing = 0;
		};
		DA165B0F2E116E1D000C94E6 /* Resources */ = {
			isa = PBXResourcesBuildPhase;
			buildActionMask = 2147483647;
			files = (
			);
			runOnlyForDeploymentPostprocessing = 0;
		};
		DA165B192E116E1D000C94E6 /* Resources */ = {
			isa = PBXResourcesBuildPhase;
			buildActionMask = 2147483647;
			files = (
			);
			runOnlyForDeploymentPostprocessing = 0;
		};
/* End PBXResourcesBuildPhase section */

/* Begin PBXSourcesBuildPhase section */
		DA165B002E116E1C000C94E6 /* Sources */ = {
			isa = PBXSourcesBuildPhase;
			buildActionMask = 2147483647;
			files = (
			);
			runOnlyForDeploymentPostprocessing = 0;
		};
		DA165B0D2E116E1D000C94E6 /* Sources */ = {
			isa = PBXSourcesBuildPhase;
			buildActionMask = 2147483647;
			files = (
			);
			runOnlyForDeploymentPostprocessing = 0;
		};
		DA165B172E116E1D000C94E6 /* Sources */ = {
			isa = PBXSourcesBuildPhase;
			buildActionMask = 2147483647;
			files = (
			);
			runOnlyForDeploymentPostprocessing = 0;
		};
/* End PBXSourcesBuildPhase section */

/* Begin PBXTargetDependency section */
		DA165B132E116E1D000C94E6 /* PBXTargetDependency */ = {
			isa = PBXTargetDependency;
			target = DA165B032E116E1C000C94E6 /* LiquidGlass */;
			targetProxy = DA165B122E116E1D000C94E6 /* PBXContainerItemProxy */;
		};
		DA165B1D2E116E1D000C94E6 /* PBXTargetDependency */ = {
			isa = PBXTargetDependency;
			target = DA165B032E116E1C000C94E6 /* LiquidGlass */;
			targetProxy = DA165B1C2E116E1D000C94E6 /* PBXContainerItemProxy */;
		};
/* End PBXTargetDependency section */

/* Begin XCBuildConfiguration section */
		DA165B232E116E1D000C94E6 /* Debug */ = {
			isa = XCBuildConfiguration;
			buildSettings = {
				ALWAYS_SEARCH_USER_PATHS = NO;
				ASSETCATALOG_COMPILER_GENERATE_SWIFT_ASSET_SYMBOL_EXTENSIONS = YES;
				CLANG_ANALYZER_NONNULL = YES;
				CLANG_ANALYZER_NUMBER_OBJECT_CONVERSION = YES_AGGRESSIVE;
				CLANG_CXX_LANGUAGE_STANDARD = "gnu++20";
				CLANG_ENABLE_MODULES = YES;
				CLANG_ENABLE_OBJC_ARC = YES;
				CLANG_ENABLE_OBJC_WEAK = YES;
				CLANG_WARN_BLOCK_CAPTURE_AUTORELEASING = YES;
				CLANG_WARN_BOOL_CONVERSION = YES;
				CLANG_WARN_COMMA = YES;
				CLANG_WARN_CONSTANT_CONVERSION = YES;
				CLANG_WARN_DEPRECATED_OBJC_IMPLEMENTATIONS = YES;
				CLANG_WARN_DIRECT_OBJC_ISA_USAGE = YES_ERROR;
				CLANG_WARN_DOCUMENTATION_COMMENTS = YES;
				CLANG_WARN_EMPTY_BODY = YES;
				CLANG_WARN_ENUM_CONVERSION = YES;
				CLANG_WARN_INFINITE_RECURSION = YES;
				CLANG_WARN_INT_CONVERSION = YES;
				CLANG_WARN_NON_LITERAL_NULL_CONVERSION = YES;
				CLANG_WARN_OBJC_IMPLICIT_RETAIN_SELF = YES;
				CLANG_WARN_OBJC_LITERAL_CONVERSION = YES;
				CLANG_WARN_OBJC_ROOT_CLASS = YES_ERROR;
				CLANG_WARN_QUOTED_INCLUDE_IN_FRAMEWORK_HEADER = YES;
				CLANG_WARN_RANGE_LOOP_ANALYSIS = YES;
				CLANG_WARN_STRICT_PROTOTYPES = YES;
				CLANG_WARN_SUSPICIOUS_MOVE = YES;
				CLANG_WARN_UNGUARDED_AVAILABILITY = YES_AGGRESSIVE;
				CLANG_WARN_UNREACHABLE_CODE = YES;
				CLANG_WARN__DUPLICATE_METHOD_MATCH = YES;
				COPY_PHASE_STRIP = NO;
				DEBUG_INFORMATION_FORMAT = dwarf;
				ENABLE_STRICT_OBJC_MSGSEND = YES;
				ENABLE_TESTABILITY = YES;
				ENABLE_USER_SCRIPT_SANDBOXING = YES;
				GCC_C_LANGUAGE_STANDARD = gnu17;
				GCC_DYNAMIC_NO_PIC = NO;
				GCC_NO_COMMON_BLOCKS = YES;
				GCC_OPTIMIZATION_LEVEL = 0;
				GCC_PREPROCESSOR_DEFINITIONS = (
					"DEBUG=1",
					"$(inherited)",
				);
				GCC_WARN_64_TO_32_BIT_CONVERSION = YES;
				GCC_WARN_ABOUT_RETURN_TYPE = YES_ERROR;
				GCC_WARN_UNDECLARED_SELECTOR = YES;
				GCC_WARN_UNINITIALIZED_AUTOS = YES_AGGRESSIVE;
				GCC_WARN_UNUSED_FUNCTION = YES;
				GCC_WARN_UNUSED_VARIABLE = YES;
				IPHONEOS_DEPLOYMENT_TARGET = 18.5;
				LOCALIZATION_PREFERS_STRING_CATALOGS = YES;
				MTL_ENABLE_DEBUG_INFO = INCLUDE_SOURCE;
				MTL_FAST_MATH = YES;
				ONLY_ACTIVE_ARCH = YES;
				SDKROOT = iphoneos;
				SWIFT_ACTIVE_COMPILATION_CONDITIONS = "DEBUG $(inherited)";
				SWIFT_OPTIMIZATION_LEVEL = "-Onone";
			};
			name = Debug;
		};
		DA165B242E116E1D000C94E6 /* Release */ = {
			isa = XCBuildConfiguration;
			buildSettings = {
				ALWAYS_SEARCH_USER_PATHS = NO;
				ASSETCATALOG_COMPILER_GENERATE_SWIFT_ASSET_SYMBOL_EXTENSIONS = YES;
				CLANG_ANALYZER_NONNULL = YES;
				CLANG_ANALYZER_NUMBER_OBJECT_CONVERSION = YES_AGGRESSIVE;
				CLANG_CXX_LANGUAGE_STANDARD = "gnu++20";
				CLANG_ENABLE_MODULES = YES;
				CLANG_ENABLE_OBJC_ARC = YES;
				CLANG_ENABLE_OBJC_WEAK = YES;
				CLANG_WARN_BLOCK_CAPTURE_AUTORELEASING = YES;
				CLANG_WARN_BOOL_CONVERSION = YES;
				CLANG_WARN_COMMA = YES;
				CLANG_WARN_CONSTANT_CONVERSION = YES;
				CLANG_WARN_DEPRECATED_OBJC_IMPLEMENTATIONS = YES;
				CLANG_WARN_DIRECT_OBJC_ISA_USAGE = YES_ERROR;
				CLANG_WARN_DOCUMENTATION_COMMENTS = YES;
				CLANG_WARN_EMPTY_BODY = YES;
				CLANG_WARN_ENUM_CONVERSION = YES;
				CLANG_WARN_INFINITE_RECURSION = YES;
				CLANG_WARN_INT_CONVERSION = YES;
				CLANG_WARN_NON_LITERAL_NULL_CONVERSION = YES;
				CLANG_WARN_OBJC_IMPLICIT_RETAIN_SELF = YES;
				CLANG_WARN_OBJC_LITERAL_CONVERSION = YES;
				CLANG_WARN_OBJC_ROOT_CLASS = YES_ERROR;
				CLANG_WARN_QUOTED_INCLUDE_IN_FRAMEWORK_HEADER = YES;
				CLANG_WARN_RANGE_LOOP_ANALYSIS = YES;
				CLANG_WARN_STRICT_PROTOTYPES = YES;
				CLANG_WARN_SUSPICIOUS_MOVE = YES;
				CLANG_WARN_UNGUARDED_AVAILABILITY = YES_AGGRESSIVE;
				CLANG_WARN_UNREACHABLE_CODE = YES;
				CLANG_WARN__DUPLICATE_METHOD_MATCH = YES;
				COPY_PHASE_STRIP = NO;
				DEBUG_INFORMATION_FORMAT = "dwarf-with-dsym";
				ENABLE_NS_ASSERTIONS = NO;
				ENABLE_STRICT_OBJC_MSGSEND = YES;
				ENABLE_USER_SCRIPT_SANDBOXING = YES;
				GCC_C_LANGUAGE_STANDARD = gnu17;
				GCC_NO_COMMON_BLOCKS = YES;
				GCC_WARN_64_TO_32_BIT_CONVERSION = YES;
				GCC_WARN_ABOUT_RETURN_TYPE = YES_ERROR;
				GCC_WARN_UNDECLARED_SELECTOR = YES;
				GCC_WARN_UNINITIALIZED_AUTOS = YES_AGGRESSIVE;
				GCC_WARN_UNUSED_FUNCTION = YES;
				GCC_WARN_UNUSED_VARIABLE = YES;
				IPHONEOS_DEPLOYMENT_TARGET = 18.5;
				LOCALIZATION_PREFERS_STRING_CATALOGS = YES;
				MTL_ENABLE_DEBUG_INFO = NO;
				MTL_FAST_MATH = YES;
				SDKROOT = iphoneos;
				SWIFT_COMPILATION_MODE = wholemodule;
				VALIDATE_PRODUCT = YES;
			};
			name = Release;
		};
		DA165B262E116E1D000C94E6 /* Debug */ = {
			isa = XCBuildConfiguration;
			buildSettings = {
				ASSETCATALOG_COMPILER_APPICON_NAME = AppIcon;
				ASSETCATALOG_COMPILER_GLOBAL_ACCENT_COLOR_NAME = AccentColor;
				CODE_SIGN_STYLE = Automatic;
				CURRENT_PROJECT_VERSION = 1;
				ENABLE_PREVIEWS = YES;
				GENERATE_INFOPLIST_FILE = YES;
				INFOPLIST_KEY_UIApplicationSceneManifest_Generation = YES;
				INFOPLIST_KEY_UIApplicationSupportsIndirectInputEvents = YES;
				INFOPLIST_KEY_UILaunchScreen_Generation = YES;
				INFOPLIST_KEY_UISupportedInterfaceOrientations_iPad = "UIInterfaceOrientationPortrait UIInterfaceOrientationPortraitUpsideDown UIInterfaceOrientationLandscapeLeft UIInterfaceOrientationLandscapeRight";
				INFOPLIST_KEY_UISupportedInterfaceOrientations_iPhone = "UIInterfaceOrientationPortrait UIInterfaceOrientationLandscapeLeft UIInterfaceOrientationLandscapeRight";
				LD_RUNPATH_SEARCH_PATHS = (
					"$(inherited)",
					"@executable_path/Frameworks",
				);
				MARKETING_VERSION = 1.0;
				PRODUCT_BUNDLE_IDENTIFIER = APIPractice.LiquidGlass;
				PRODUCT_NAME = "$(TARGET_NAME)";
				SWIFT_EMIT_LOC_STRINGS = YES;
				SWIFT_VERSION = 5.0;
				TARGETED_DEVICE_FAMILY = "1,2";
			};
			name = Debug;
		};
		DA165B272E116E1D000C94E6 /* Release */ = {
			isa = XCBuildConfiguration;
			buildSettings = {
				ASSETCATALOG_COMPILER_APPICON_NAME = AppIcon;
				ASSETCATALOG_COMPILER_GLOBAL_ACCENT_COLOR_NAME = AccentColor;
				CODE_SIGN_STYLE = Automatic;
				CURRENT_PROJECT_VERSION = 1;
				ENABLE_PREVIEWS = YES;
				GENERATE_INFOPLIST_FILE = YES;
				INFOPLIST_KEY_UIApplicationSceneManifest_Generation = YES;
				INFOPLIST_KEY_UIApplicationSupportsIndirectInputEvents = YES;
				INFOPLIST_KEY_UILaunchScreen_Generation = YES;
				INFOPLIST_KEY_UISupportedInterfaceOrientations_iPad = "UIInterfaceOrientationPortrait UIInterfaceOrientationPortraitUpsideDown UIInterfaceOrientationLandscapeLeft UIInterfaceOrientationLandscapeRight";
				INFOPLIST_KEY_UISupportedInterfaceOrientations_iPhone = "UIInterfaceOrientationPortrait UIInterfaceOrientationLandscapeLeft UIInterfaceOrientationLandscapeRight";
				LD_RUNPATH_SEARCH_PATHS = (
					"$(inherited)",
					"@executable_path/Frameworks",
				);
				MARKETING_VERSION = 1.0;
				PRODUCT_BUNDLE_IDENTIFIER = APIPractice.LiquidGlass;
				PRODUCT_NAME = "$(TARGET_NAME)";
				SWIFT_EMIT_LOC_STRINGS = YES;
				SWIFT_VERSION = 5.0;
				TARGETED_DEVICE_FAMILY = "1,2";
			};
			name = Release;
		};
		DA165B292E116E1D000C94E6 /* Debug */ = {
			isa = XCBuildConfiguration;
			buildSettings = {
				BUNDLE_LOADER = "$(TEST_HOST)";
				CODE_SIGN_STYLE = Automatic;
				CURRENT_PROJECT_VERSION = 1;
				GENERATE_INFOPLIST_FILE = YES;
				IPHONEOS_DEPLOYMENT_TARGET = 18.5;
				MARKETING_VERSION = 1.0;
				PRODUCT_BUNDLE_IDENTIFIER = APIPractice.LiquidGlassTests;
				PRODUCT_NAME = "$(TARGET_NAME)";
				SWIFT_EMIT_LOC_STRINGS = NO;
				SWIFT_VERSION = 5.0;
				TARGETED_DEVICE_FAMILY = "1,2";
				TEST_HOST = "$(BUILT_PRODUCTS_DIR)/LiquidGlass.app/$(BUNDLE_EXECUTABLE_FOLDER_PATH)/LiquidGlass";
			};
			name = Debug;
		};
		DA165B2A2E116E1D000C94E6 /* Release */ = {
			isa = XCBuildConfiguration;
			buildSettings = {
				BUNDLE_LOADER = "$(TEST_HOST)";
				CODE_SIGN_STYLE = Automatic;
				CURRENT_PROJECT_VERSION = 1;
				GENERATE_INFOPLIST_FILE = YES;
				IPHONEOS_DEPLOYMENT_TARGET = 18.5;
				MARKETING_VERSION = 1.0;
				PRODUCT_BUNDLE_IDENTIFIER = APIPractice.LiquidGlassTests;
				PRODUCT_NAME = "$(TARGET_NAME)";
				SWIFT_EMIT_LOC_STRINGS = NO;
				SWIFT_VERSION = 5.0;
				TARGETED_DEVICE_FAMILY = "1,2";
				TEST_HOST = "$(BUILT_PRODUCTS_DIR)/LiquidGlass.app/$(BUNDLE_EXECUTABLE_FOLDER_PATH)/LiquidGlass";
			};
			name = Release;
		};
		DA165B2C2E116E1D000C94E6 /* Debug */ = {
			isa = XCBuildConfiguration;
			buildSettings = {
				CODE_SIGN_STYLE = Automatic;
				CURRENT_PROJECT_VERSION = 1;
				GENERATE_INFOPLIST_FILE = YES;
				MARKETING_VERSION = 1.0;
				PRODUCT_BUNDLE_IDENTIFIER = APIPractice.LiquidGlassUITests;
				PRODUCT_NAME = "$(TARGET_NAME)";
				SWIFT_EMIT_LOC_STRINGS = NO;
				SWIFT_VERSION = 5.0;
				TARGETED_DEVICE_FAMILY = "1,2";
				TEST_TARGET_NAME = LiquidGlass;
			};
			name = Debug;
		};
		DA165B2D2E116E1D000C94E6 /* Release */ = {
			isa = XCBuildConfiguration;
			buildSettings = {
				CODE_SIGN_STYLE = Automatic;
				CURRENT_PROJECT_VERSION = 1;
				GENERATE_INFOPLIST_FILE = YES;
				MARKETING_VERSION = 1.0;
				PRODUCT_BUNDLE_IDENTIFIER = APIPractice.LiquidGlassUITests;
				PRODUCT_NAME = "$(TARGET_NAME)";
				SWIFT_EMIT_LOC_STRINGS = NO;
				SWIFT_VERSION = 5.0;
				TARGETED_DEVICE_FAMILY = "1,2";
				TEST_TARGET_NAME = LiquidGlass;
			};
			name = Release;
		};
/* End XCBuildConfiguration section */

/* Begin XCConfigurationList section */
		DA165AFF2E116E1C000C94E6 /* Build configuration list for PBXProject "LiquidGlass" */ = {
			isa = XCConfigurationList;
			buildConfigurations = (
				DA165B232E116E1D000C94E6 /* Debug */,
				DA165B242E116E1D000C94E6 /* Release */,
			);
			defaultConfigurationIsVisible = 0;
			defaultConfigurationName = Release;
		};
		DA165B252E116E1D000C94E6 /* Build configuration list for PBXNativeTarget "LiquidGlass" */ = {
			isa = XCConfigurationList;
			buildConfigurations = (
				DA165B262E116E1D000C94E6 /* Debug */,
				DA165B272E116E1D000C94E6 /* Release */,
			);
			defaultConfigurationIsVisible = 0;
			defaultConfigurationName = Release;
		};
		DA165B282E116E1D000C94E6 /* Build configuration list for PBXNativeTarget "LiquidGlassTests" */ = {
			isa = XCConfigurationList;
			buildConfigurations = (
				DA165B292E116E1D000C94E6 /* Debug */,
				DA165B2A2E116E1D000C94E6 /* Release */,
			);
			defaultConfigurationIsVisible = 0;
			defaultConfigurationName = Release;
		};
		DA165B2B2E116E1D000C94E6 /* Build configuration list for PBXNativeTarget "LiquidGlassUITests" */ = {
			isa = XCConfigurationList;
			buildConfigurations = (
				DA165B2C2E116E1D000C94E6 /* Debug */,
				DA165B2D2E116E1D000C94E6 /* Release */,
			);
			defaultConfigurationIsVisible = 0;
			defaultConfigurationName = Release;
		};
/* End XCConfigurationList section */
	};
	rootObject = DA165AFC2E116E1C000C94E6 /* Project object */;
}
