// !$*UTF8*$!
{
	archiveVersion = 1;
	classes = {
	};
	objectVersion = 77;
	objects = {

/* Begin PBXContainerItemProxy section */
		DA165DDB2E13C8AD000C94E6 /* PBXContainerItemProxy */ = {
			isa = PBXContainerItemProxy;
			containerPortal = DA165DC52E13C8AC000C94E6 /* Project object */;
			proxyType = 1;
			remoteGlobalIDString = DA165DCC2E13C8AC000C94E6;
			remoteInfo = HoleSquare;
		};
		DA165DE52E13C8AD000C94E6 /* PBXContainerItemProxy */ = {
			isa = PBXContainerItemProxy;
			containerPortal = DA165DC52E13C8AC000C94E6 /* Project object */;
			proxyType = 1;
			remoteGlobalIDString = DA165DCC2E13C8AC000C94E6;
			remoteInfo = HoleSquare;
		};
/* End PBXContainerItemProxy section */

/* Begin PBXFileReference section */
		DA165DCD2E13C8AC000C94E6 /* HoleSquare.app */ = {isa = PBXFileReference; explicitFileType = wrapper.application; includeInIndex = 0; path = HoleSquare.app; sourceTree = BUILT_PRODUCTS_DIR; };
		DA165DDA2E13C8AD000C94E6 /* HoleSquareTests.xctest */ = {isa = PBXFileReference; explicitFileType = wrapper.cfbundle; includeInIndex = 0; path = HoleSquareTests.xctest; sourceTree = BUILT_PRODUCTS_DIR; };
		DA165DE42E13C8AD000C94E6 /* HoleSquareUITests.xctest */ = {isa = PBXFileReference; explicitFileType = wrapper.cfbundle; includeInIndex = 0; path = HoleSquareUITests.xctest; sourceTree = BUILT_PRODUCTS_DIR; };
/* End PBXFileReference section */

/* Begin PBXFileSystemSynchronizedRootGroup section */
		DA165DCF2E13C8AC000C94E6 /* HoleSquare */ = {
			isa = PBXFileSystemSynchronizedRootGroup;
			path = HoleSquare;
			sourceTree = "<group>";
		};
		DA165DDD2E13C8AD000C94E6 /* HoleSquareTests */ = {
			isa = PBXFileSystemSynchronizedRootGroup;
			path = HoleSquareTests;
			sourceTree = "<group>";
		};
		DA165DE72E13C8AD000C94E6 /* HoleSquareUITests */ = {
			isa = PBXFileSystemSynchronizedRootGroup;
			path = HoleSquareUITests;
			sourceTree = "<group>";
		};
/* End PBXFileSystemSynchronizedRootGroup section */

/* Begin PBXFrameworksBuildPhase section */
		DA165DCA2E13C8AC000C94E6 /* Frameworks */ = {
			isa = PBXFrameworksBuildPhase;
			buildActionMask = 2147483647;
			files = (
			);
			runOnlyForDeploymentPostprocessing = 0;
		};
		DA165DD72E13C8AD000C94E6 /* Frameworks */ = {
			isa = PBXFrameworksBuildPhase;
			buildActionMask = 2147483647;
			files = (
			);
			runOnlyForDeploymentPostprocessing = 0;
		};
		DA165DE12E13C8AD000C94E6 /* Frameworks */ = {
			isa = PBXFrameworksBuildPhase;
			buildActionMask = 2147483647;
			files = (
			);
			runOnlyForDeploymentPostprocessing = 0;
		};
/* End PBXFrameworksBuildPhase section */

/* Begin PBXGroup section */
		DA165DC42E13C8AC000C94E6 = {
			isa = PBXGroup;
			children = (
				DA165DCF2E13C8AC000C94E6 /* HoleSquare */,
				DA165DDD2E13C8AD000C94E6 /* HoleSquareTests */,
				DA165DE72E13C8AD000C94E6 /* HoleSquareUITests */,
				DA165DCE2E13C8AC000C94E6 /* Products */,
			);
			sourceTree = "<group>";
		};
		DA165DCE2E13C8AC000C94E6 /* Products */ = {
			isa = PBXGroup;
			children = (
				DA165DCD2E13C8AC000C94E6 /* HoleSquare.app */,
				DA165DDA2E13C8AD000C94E6 /* HoleSquareTests.xctest */,
				DA165DE42E13C8AD000C94E6 /* HoleSquareUITests.xctest */,
			);
			name = Products;
			sourceTree = "<group>";
		};
/* End PBXGroup section */

/* Begin PBXNativeTarget section */
		DA165DCC2E13C8AC000C94E6 /* HoleSquare */ = {
			isa = PBXNativeTarget;
			buildConfigurationList = DA165DEE2E13C8AD000C94E6 /* Build configuration list for PBXNativeTarget "HoleSquare" */;
			buildPhases = (
				DA165DC92E13C8AC000C94E6 /* Sources */,
				DA165DCA2E13C8AC000C94E6 /* Frameworks */,
				DA165DCB2E13C8AC000C94E6 /* Resources */,
			);
			buildRules = (
			);
			dependencies = (
			);
			fileSystemSynchronizedGroups = (
				DA165DCF2E13C8AC000C94E6 /* HoleSquare */,
			);
			name = HoleSquare;
			packageProductDependencies = (
			);
			productName = HoleSquare;
			productReference = DA165DCD2E13C8AC000C94E6 /* HoleSquare.app */;
			productType = "com.apple.product-type.application";
		};
		DA165DD92E13C8AD000C94E6 /* HoleSquareTests */ = {
			isa = PBXNativeTarget;
			buildConfigurationList = DA165DF12E13C8AD000C94E6 /* Build configuration list for PBXNativeTarget "HoleSquareTests" */;
			buildPhases = (
				DA165DD62E13C8AD000C94E6 /* Sources */,
				DA165DD72E13C8AD000C94E6 /* Frameworks */,
				DA165DD82E13C8AD000C94E6 /* Resources */,
			);
			buildRules = (
			);
			dependencies = (
				DA165DDC2E13C8AD000C94E6 /* PBXTargetDependency */,
			);
			fileSystemSynchronizedGroups = (
				DA165DDD2E13C8AD000C94E6 /* HoleSquareTests */,
			);
			name = HoleSquareTests;
			packageProductDependencies = (
			);
			productName = HoleSquareTests;
			productReference = DA165DDA2E13C8AD000C94E6 /* HoleSquareTests.xctest */;
			productType = "com.apple.product-type.bundle.unit-test";
		};
		DA165DE32E13C8AD000C94E6 /* HoleSquareUITests */ = {
			isa = PBXNativeTarget;
			buildConfigurationList = DA165DF42E13C8AD000C94E6 /* Build configuration list for PBXNativeTarget "HoleSquareUITests" */;
			buildPhases = (
				DA165DE02E13C8AD000C94E6 /* Sources */,
				DA165DE12E13C8AD000C94E6 /* Frameworks */,
				DA165DE22E13C8AD000C94E6 /* Resources */,
			);
			buildRules = (
			);
			dependencies = (
				DA165DE62E13C8AD000C94E6 /* PBXTargetDependency */,
			);
			fileSystemSynchronizedGroups = (
				DA165DE72E13C8AD000C94E6 /* HoleSquareUITests */,
			);
			name = HoleSquareUITests;
			packageProductDependencies = (
			);
			productName = HoleSquareUITests;
			productReference = DA165DE42E13C8AD000C94E6 /* HoleSquareUITests.xctest */;
			productType = "com.apple.product-type.bundle.ui-testing";
		};
/* End PBXNativeTarget section */

/* Begin PBXProject section */
		DA165DC52E13C8AC000C94E6 /* Project object */ = {
			isa = PBXProject;
			attributes = {
				BuildIndependentTargetsInParallel = 1;
				LastSwiftUpdateCheck = 1640;
				LastUpgradeCheck = 1640;
				TargetAttributes = {
					DA165DCC2E13C8AC000C94E6 = {
						CreatedOnToolsVersion = 16.4;
					};
					DA165DD92E13C8AD000C94E6 = {
						CreatedOnToolsVersion = 16.4;
						TestTargetID = DA165DCC2E13C8AC000C94E6;
					};
					DA165DE32E13C8AD000C94E6 = {
						CreatedOnToolsVersion = 16.4;
						TestTargetID = DA165DCC2E13C8AC000C94E6;
					};
				};
			};
			buildConfigurationList = DA165DC82E13C8AC000C94E6 /* Build configuration list for PBXProject "HoleSquare" */;
			developmentRegion = en;
			hasScannedForEncodings = 0;
			knownRegions = (
				en,
				Base,
			);
			mainGroup = DA165DC42E13C8AC000C94E6;
			minimizedProjectReferenceProxies = 1;
			preferredProjectObjectVersion = 77;
			productRefGroup = DA165DCE2E13C8AC000C94E6 /* Products */;
			projectDirPath = "";
			projectRoot = "";
			targets = (
				DA165DCC2E13C8AC000C94E6 /* HoleSquare */,
				DA165DD92E13C8AD000C94E6 /* HoleSquareTests */,
				DA165DE32E13C8AD000C94E6 /* HoleSquareUITests */,
			);
		};
/* End PBXProject section */

/* Begin PBXResourcesBuildPhase section */
		DA165DCB2E13C8AC000C94E6 /* Resources */ = {
			isa = PBXResourcesBuildPhase;
			buildActionMask = 2147483647;
			files = (
			);
			runOnlyForDeploymentPostprocessing = 0;
		};
		DA165DD82E13C8AD000C94E6 /* Resources */ = {
			isa = PBXResourcesBuildPhase;
			buildActionMask = 2147483647;
			files = (
			);
			runOnlyForDeploymentPostprocessing = 0;
		};
		DA165DE22E13C8AD000C94E6 /* Resources */ = {
			isa = PBXResourcesBuildPhase;
			buildActionMask = 2147483647;
			files = (
			);
			runOnlyForDeploymentPostprocessing = 0;
		};
/* End PBXResourcesBuildPhase section */

/* Begin PBXSourcesBuildPhase section */
		DA165DC92E13C8AC000C94E6 /* Sources */ = {
			isa = PBXSourcesBuildPhase;
			buildActionMask = 2147483647;
			files = (
			);
			runOnlyForDeploymentPostprocessing = 0;
		};
		DA165DD62E13C8AD000C94E6 /* Sources */ = {
			isa = PBXSourcesBuildPhase;
			buildActionMask = 2147483647;
			files = (
			);
			runOnlyForDeploymentPostprocessing = 0;
		};
		DA165DE02E13C8AD000C94E6 /* Sources */ = {
			isa = PBXSourcesBuildPhase;
			buildActionMask = 2147483647;
			files = (
			);
			runOnlyForDeploymentPostprocessing = 0;
		};
/* End PBXSourcesBuildPhase section */

/* Begin PBXTargetDependency section */
		DA165DDC2E13C8AD000C94E6 /* PBXTargetDependency */ = {
			isa = PBXTargetDependency;
			target = DA165DCC2E13C8AC000C94E6 /* HoleSquare */;
			targetProxy = DA165DDB2E13C8AD000C94E6 /* PBXContainerItemProxy */;
		};
		DA165DE62E13C8AD000C94E6 /* PBXTargetDependency */ = {
			isa = PBXTargetDependency;
			target = DA165DCC2E13C8AC000C94E6 /* HoleSquare */;
			targetProxy = DA165DE52E13C8AD000C94E6 /* PBXContainerItemProxy */;
		};
/* End PBXTargetDependency section */

/* Begin XCBuildConfiguration section */
		DA165DEC2E13C8AD000C94E6 /* Debug */ = {
			isa = XCBuildConfiguration;
			buildSettings = {
				ALWAYS_SEARCH_USER_PATHS = NO;
				ASSETCATALOG_COMPILER_GENERATE_SWIFT_ASSET_SYMBOL_EXTENSIONS = YES;
				CLANG_ANALYZER_NONNULL = YES;
				CLANG_ANALYZER_NUMBER_OBJECT_CONVERSION = YES_AGGRESSIVE;
				CLANG_CXX_LANGUAGE_STANDARD = "gnu++20";
				CLANG_ENABLE_MODULES = YES;
				CLANG_ENABLE_OBJC_ARC = YES;
				CLANG_ENABLE_OBJC_WEAK = YES;
				CLANG_WARN_BLOCK_CAPTURE_AUTORELEASING = YES;
				CLANG_WARN_BOOL_CONVERSION = YES;
				CLANG_WARN_COMMA = YES;
				CLANG_WARN_CONSTANT_CONVERSION = YES;
				CLANG_WARN_DEPRECATED_OBJC_IMPLEMENTATIONS = YES;
				CLANG_WARN_DIRECT_OBJC_ISA_USAGE = YES_ERROR;
				CLANG_WARN_DOCUMENTATION_COMMENTS = YES;
				CLANG_WARN_EMPTY_BODY = YES;
				CLANG_WARN_ENUM_CONVERSION = YES;
				CLANG_WARN_INFINITE_RECURSION = YES;
				CLANG_WARN_INT_CONVERSION = YES;
				CLANG_WARN_NON_LITERAL_NULL_CONVERSION = YES;
				CLANG_WARN_OBJC_IMPLICIT_RETAIN_SELF = YES;
				CLANG_WARN_OBJC_LITERAL_CONVERSION = YES;
				CLANG_WARN_OBJC_ROOT_CLASS = YES_ERROR;
				CLANG_WARN_QUOTED_INCLUDE_IN_FRAMEWORK_HEADER = YES;
				CLANG_WARN_RANGE_LOOP_ANALYSIS = YES;
				CLANG_WARN_STRICT_PROTOTYPES = YES;
				CLANG_WARN_SUSPICIOUS_MOVE = YES;
				CLANG_WARN_UNGUARDED_AVAILABILITY = YES_AGGRESSIVE;
				CLANG_WARN_UNREACHABLE_CODE = YES;
				CLANG_WARN__DUPLICATE_METHOD_MATCH = YES;
				COPY_PHASE_STRIP = NO;
				DEBUG_INFORMATION_FORMAT = dwarf;
				ENABLE_STRICT_OBJC_MSGSEND = YES;
				ENABLE_TESTABILITY = YES;
				ENABLE_USER_SCRIPT_SANDBOXING = YES;
				GCC_C_LANGUAGE_STANDARD = gnu17;
				GCC_DYNAMIC_NO_PIC = NO;
				GCC_NO_COMMON_BLOCKS = YES;
				GCC_OPTIMIZATION_LEVEL = 0;
				GCC_PREPROCESSOR_DEFINITIONS = (
					"DEBUG=1",
					"$(inherited)",
				);
				GCC_WARN_64_TO_32_BIT_CONVERSION = YES;
				GCC_WARN_ABOUT_RETURN_TYPE = YES_ERROR;
				GCC_WARN_UNDECLARED_SELECTOR = YES;
				GCC_WARN_UNINITIALIZED_AUTOS = YES_AGGRESSIVE;
				GCC_WARN_UNUSED_FUNCTION = YES;
				GCC_WARN_UNUSED_VARIABLE = YES;
				IPHONEOS_DEPLOYMENT_TARGET = 18.5;
				LOCALIZATION_PREFERS_STRING_CATALOGS = YES;
				MTL_ENABLE_DEBUG_INFO = INCLUDE_SOURCE;
				MTL_FAST_MATH = YES;
				ONLY_ACTIVE_ARCH = YES;
				SDKROOT = iphoneos;
				SWIFT_ACTIVE_COMPILATION_CONDITIONS = "DEBUG $(inherited)";
				SWIFT_OPTIMIZATION_LEVEL = "-Onone";
			};
			name = Debug;
		};
		DA165DED2E13C8AD000C94E6 /* Release */ = {
			isa = XCBuildConfiguration;
			buildSettings = {
				ALWAYS_SEARCH_USER_PATHS = NO;
				ASSETCATALOG_COMPILER_GENERATE_SWIFT_ASSET_SYMBOL_EXTENSIONS = YES;
				CLANG_ANALYZER_NONNULL = YES;
				CLANG_ANALYZER_NUMBER_OBJECT_CONVERSION = YES_AGGRESSIVE;
				CLANG_CXX_LANGUAGE_STANDARD = "gnu++20";
				CLANG_ENABLE_MODULES = YES;
				CLANG_ENABLE_OBJC_ARC = YES;
				CLANG_ENABLE_OBJC_WEAK = YES;
				CLANG_WARN_BLOCK_CAPTURE_AUTORELEASING = YES;
				CLANG_WARN_BOOL_CONVERSION = YES;
				CLANG_WARN_COMMA = YES;
				CLANG_WARN_CONSTANT_CONVERSION = YES;
				CLANG_WARN_DEPRECATED_OBJC_IMPLEMENTATIONS = YES;
				CLANG_WARN_DIRECT_OBJC_ISA_USAGE = YES_ERROR;
				CLANG_WARN_DOCUMENTATION_COMMENTS = YES;
				CLANG_WARN_EMPTY_BODY = YES;
				CLANG_WARN_ENUM_CONVERSION = YES;
				CLANG_WARN_INFINITE_RECURSION = YES;
				CLANG_WARN_INT_CONVERSION = YES;
				CLANG_WARN_NON_LITERAL_NULL_CONVERSION = YES;
				CLANG_WARN_OBJC_IMPLICIT_RETAIN_SELF = YES;
				CLANG_WARN_OBJC_LITERAL_CONVERSION = YES;
				CLANG_WARN_OBJC_ROOT_CLASS = YES_ERROR;
				CLANG_WARN_QUOTED_INCLUDE_IN_FRAMEWORK_HEADER = YES;
				CLANG_WARN_RANGE_LOOP_ANALYSIS = YES;
				CLANG_WARN_STRICT_PROTOTYPES = YES;
				CLANG_WARN_SUSPICIOUS_MOVE = YES;
				CLANG_WARN_UNGUARDED_AVAILABILITY = YES_AGGRESSIVE;
				CLANG_WARN_UNREACHABLE_CODE = YES;
				CLANG_WARN__DUPLICATE_METHOD_MATCH = YES;
				COPY_PHASE_STRIP = NO;
				DEBUG_INFORMATION_FORMAT = "dwarf-with-dsym";
				ENABLE_NS_ASSERTIONS = NO;
				ENABLE_STRICT_OBJC_MSGSEND = YES;
				ENABLE_USER_SCRIPT_SANDBOXING = YES;
				GCC_C_LANGUAGE_STANDARD = gnu17;
				GCC_NO_COMMON_BLOCKS = YES;
				GCC_WARN_64_TO_32_BIT_CONVERSION = YES;
				GCC_WARN_ABOUT_RETURN_TYPE = YES_ERROR;
				GCC_WARN_UNDECLARED_SELECTOR = YES;
				GCC_WARN_UNINITIALIZED_AUTOS = YES_AGGRESSIVE;
				GCC_WARN_UNUSED_FUNCTION = YES;
				GCC_WARN_UNUSED_VARIABLE = YES;
				IPHONEOS_DEPLOYMENT_TARGET = 18.5;
				LOCALIZATION_PREFERS_STRING_CATALOGS = YES;
				MTL_ENABLE_DEBUG_INFO = NO;
				MTL_FAST_MATH = YES;
				SDKROOT = iphoneos;
				SWIFT_COMPILATION_MODE = wholemodule;
				VALIDATE_PRODUCT = YES;
			};
			name = Release;
		};
		DA165DEF2E13C8AD000C94E6 /* Debug */ = {
			isa = XCBuildConfiguration;
			buildSettings = {
				ASSETCATALOG_COMPILER_APPICON_NAME = AppIcon;
				ASSETCATALOG_COMPILER_GLOBAL_ACCENT_COLOR_NAME = AccentColor;
				CODE_SIGN_STYLE = Automatic;
				CURRENT_PROJECT_VERSION = 1;
				ENABLE_PREVIEWS = YES;
				GENERATE_INFOPLIST_FILE = YES;
				INFOPLIST_KEY_UIApplicationSceneManifest_Generation = YES;
				INFOPLIST_KEY_UIApplicationSupportsIndirectInputEvents = YES;
				INFOPLIST_KEY_UILaunchScreen_Generation = YES;
				INFOPLIST_KEY_UISupportedInterfaceOrientations_iPad = "UIInterfaceOrientationPortrait UIInterfaceOrientationPortraitUpsideDown UIInterfaceOrientationLandscapeLeft UIInterfaceOrientationLandscapeRight";
				INFOPLIST_KEY_UISupportedInterfaceOrientations_iPhone = "UIInterfaceOrientationPortrait UIInterfaceOrientationLandscapeLeft UIInterfaceOrientationLandscapeRight";
				LD_RUNPATH_SEARCH_PATHS = (
					"$(inherited)",
					"@executable_path/Frameworks",
				);
				MARKETING_VERSION = 1.0;
				PRODUCT_BUNDLE_IDENTIFIER = APIPractice.HoleSquare;
				PRODUCT_NAME = "$(TARGET_NAME)";
				SWIFT_EMIT_LOC_STRINGS = YES;
				SWIFT_VERSION = 5.0;
				TARGETED_DEVICE_FAMILY = "1,2";
			};
			name = Debug;
		};
		DA165DF02E13C8AD000C94E6 /* Release */ = {
			isa = XCBuildConfiguration;
			buildSettings = {
				ASSETCATALOG_COMPILER_APPICON_NAME = AppIcon;
				ASSETCATALOG_COMPILER_GLOBAL_ACCENT_COLOR_NAME = AccentColor;
				CODE_SIGN_STYLE = Automatic;
				CURRENT_PROJECT_VERSION = 1;
				ENABLE_PREVIEWS = YES;
				GENERATE_INFOPLIST_FILE = YES;
				INFOPLIST_KEY_UIApplicationSceneManifest_Generation = YES;
				INFOPLIST_KEY_UIApplicationSupportsIndirectInputEvents = YES;
				INFOPLIST_KEY_UILaunchScreen_Generation = YES;
				INFOPLIST_KEY_UISupportedInterfaceOrientations_iPad = "UIInterfaceOrientationPortrait UIInterfaceOrientationPortraitUpsideDown UIInterfaceOrientationLandscapeLeft UIInterfaceOrientationLandscapeRight";
				INFOPLIST_KEY_UISupportedInterfaceOrientations_iPhone = "UIInterfaceOrientationPortrait UIInterfaceOrientationLandscapeLeft UIInterfaceOrientationLandscapeRight";
				LD_RUNPATH_SEARCH_PATHS = (
					"$(inherited)",
					"@executable_path/Frameworks",
				);
				MARKETING_VERSION = 1.0;
				PRODUCT_BUNDLE_IDENTIFIER = APIPractice.HoleSquare;
				PRODUCT_NAME = "$(TARGET_NAME)";
				SWIFT_EMIT_LOC_STRINGS = YES;
				SWIFT_VERSION = 5.0;
				TARGETED_DEVICE_FAMILY = "1,2";
			};
			name = Release;
		};
		DA165DF22E13C8AD000C94E6 /* Debug */ = {
			isa = XCBuildConfiguration;
			buildSettings = {
				BUNDLE_LOADER = "$(TEST_HOST)";
				CODE_SIGN_STYLE = Automatic;
				CURRENT_PROJECT_VERSION = 1;
				GENERATE_INFOPLIST_FILE = YES;
				IPHONEOS_DEPLOYMENT_TARGET = 18.5;
				MARKETING_VERSION = 1.0;
				PRODUCT_BUNDLE_IDENTIFIER = APIPractice.HoleSquareTests;
				PRODUCT_NAME = "$(TARGET_NAME)";
				SWIFT_EMIT_LOC_STRINGS = NO;
				SWIFT_VERSION = 5.0;
				TARGETED_DEVICE_FAMILY = "1,2";
				TEST_HOST = "$(BUILT_PRODUCTS_DIR)/HoleSquare.app/$(BUNDLE_EXECUTABLE_FOLDER_PATH)/HoleSquare";
			};
			name = Debug;
		};
		DA165DF32E13C8AD000C94E6 /* Release */ = {
			isa = XCBuildConfiguration;
			buildSettings = {
				BUNDLE_LOADER = "$(TEST_HOST)";
				CODE_SIGN_STYLE = Automatic;
				CURRENT_PROJECT_VERSION = 1;
				GENERATE_INFOPLIST_FILE = YES;
				IPHONEOS_DEPLOYMENT_TARGET = 18.5;
				MARKETING_VERSION = 1.0;
				PRODUCT_BUNDLE_IDENTIFIER = APIPractice.HoleSquareTests;
				PRODUCT_NAME = "$(TARGET_NAME)";
				SWIFT_EMIT_LOC_STRINGS = NO;
				SWIFT_VERSION = 5.0;
				TARGETED_DEVICE_FAMILY = "1,2";
				TEST_HOST = "$(BUILT_PRODUCTS_DIR)/HoleSquare.app/$(BUNDLE_EXECUTABLE_FOLDER_PATH)/HoleSquare";
			};
			name = Release;
		};
		DA165DF52E13C8AD000C94E6 /* Debug */ = {
			isa = XCBuildConfiguration;
			buildSettings = {
				CODE_SIGN_STYLE = Automatic;
				CURRENT_PROJECT_VERSION = 1;
				GENERATE_INFOPLIST_FILE = YES;
				MARKETING_VERSION = 1.0;
				PRODUCT_BUNDLE_IDENTIFIER = APIPractice.HoleSquareUITests;
				PRODUCT_NAME = "$(TARGET_NAME)";
				SWIFT_EMIT_LOC_STRINGS = NO;
				SWIFT_VERSION = 5.0;
				TARGETED_DEVICE_FAMILY = "1,2";
				TEST_TARGET_NAME = HoleSquare;
			};
			name = Debug;
		};
		DA165DF62E13C8AD000C94E6 /* Release */ = {
			isa = XCBuildConfiguration;
			buildSettings = {
				CODE_SIGN_STYLE = Automatic;
				CURRENT_PROJECT_VERSION = 1;
				GENERATE_INFOPLIST_FILE = YES;
				MARKETING_VERSION = 1.0;
				PRODUCT_BUNDLE_IDENTIFIER = APIPractice.HoleSquareUITests;
				PRODUCT_NAME = "$(TARGET_NAME)";
				SWIFT_EMIT_LOC_STRINGS = NO;
				SWIFT_VERSION = 5.0;
				TARGETED_DEVICE_FAMILY = "1,2";
				TEST_TARGET_NAME = HoleSquare;
			};
			name = Release;
		};
/* End XCBuildConfiguration section */

/* Begin XCConfigurationList section */
		DA165DC82E13C8AC000C94E6 /* Build configuration list for PBXProject "HoleSquare" */ = {
			isa = XCConfigurationList;
			buildConfigurations = (
				DA165DEC2E13C8AD000C94E6 /* Debug */,
				DA165DED2E13C8AD000C94E6 /* Release */,
			);
			defaultConfigurationIsVisible = 0;
			defaultConfigurationName = Release;
		};
		DA165DEE2E13C8AD000C94E6 /* Build configuration list for PBXNativeTarget "HoleSquare" */ = {
			isa = XCConfigurationList;
			buildConfigurations = (
				DA165DEF2E13C8AD000C94E6 /* Debug */,
				DA165DF02E13C8AD000C94E6 /* Release */,
			);
			defaultConfigurationIsVisible = 0;
			defaultConfigurationName = Release;
		};
		DA165DF12E13C8AD000C94E6 /* Build configuration list for PBXNativeTarget "HoleSquareTests" */ = {
			isa = XCConfigurationList;
			buildConfigurations = (
				DA165DF22E13C8AD000C94E6 /* Debug */,
				DA165DF32E13C8AD000C94E6 /* Release */,
			);
			defaultConfigurationIsVisible = 0;
			defaultConfigurationName = Release;
		};
		DA165DF42E13C8AD000C94E6 /* Build configuration list for PBXNativeTarget "HoleSquareUITests" */ = {
			isa = XCConfigurationList;
			buildConfigurations = (
				DA165DF52E13C8AD000C94E6 /* Debug */,
				DA165DF62E13C8AD000C94E6 /* Release */,
			);
			defaultConfigurationIsVisible = 0;
			defaultConfigurationName = Release;
		};
/* End XCConfigurationList section */
	};
	rootObject = DA165DC52E13C8AC000C94E6 /* Project object */;
}
