// !$*UTF8*$!
{
	archiveVersion = 1;
	classes = {
	};
	objectVersion = 77;
	objects = {

/* Begin PBXContainerItemProxy section */
		DA0EBF182E17BD37006C2212 /* PBXContainerItemProxy */ = {
			isa = PBXContainerItemProxy;
			containerPortal = DA0EBF022E17BD36006C2212 /* Project object */;
			proxyType = 1;
			remoteGlobalIDString = DA0EBF092E17BD36006C2212;
			remoteInfo = "BSP&BP";
		};
		DA0EBF222E17BD37006C2212 /* PBXContainerItemProxy */ = {
			isa = PBXContainerItemProxy;
			containerPortal = DA0EBF022E17BD36006C2212 /* Project object */;
			proxyType = 1;
			remoteGlobalIDString = DA0EBF092E17BD36006C2212;
			remoteInfo = "BSP&BP";
		};
/* End PBXContainerItemProxy section */

/* Begin PBXFileReference section */
		DA0EBF0A2E17BD36006C2212 /* BSP&BP.app */ = {isa = PBXFileReference; explicitFileType = wrapper.application; includeInIndex = 0; path = "BSP&BP.app"; sourceTree = BUILT_PRODUCTS_DIR; };
		DA0EBF172E17BD37006C2212 /* BSP&BPTests.xctest */ = {isa = PBXFileReference; explicitFileType = wrapper.cfbundle; includeInIndex = 0; path = "BSP&BPTests.xctest"; sourceTree = BUILT_PRODUCTS_DIR; };
		DA0EBF212E17BD37006C2212 /* BSP&BPUITests.xctest */ = {isa = PBXFileReference; explicitFileType = wrapper.cfbundle; includeInIndex = 0; path = "BSP&BPUITests.xctest"; sourceTree = BUILT_PRODUCTS_DIR; };
/* End PBXFileReference section */

/* Begin PBXFileSystemSynchronizedRootGroup section */
		DA0EBF0C2E17BD36006C2212 /* BSP&BP */ = {
			isa = PBXFileSystemSynchronizedRootGroup;
			path = "BSP&BP";
			sourceTree = "<group>";
		};
		DA0EBF1A2E17BD37006C2212 /* BSP&BPTests */ = {
			isa = PBXFileSystemSynchronizedRootGroup;
			path = "BSP&BPTests";
			sourceTree = "<group>";
		};
		DA0EBF242E17BD37006C2212 /* BSP&BPUITests */ = {
			isa = PBXFileSystemSynchronizedRootGroup;
			path = "BSP&BPUITests";
			sourceTree = "<group>";
		};
/* End PBXFileSystemSynchronizedRootGroup section */

/* Begin PBXFrameworksBuildPhase section */
		DA0EBF072E17BD36006C2212 /* Frameworks */ = {
			isa = PBXFrameworksBuildPhase;
			buildActionMask = 2147483647;
			files = (
			);
			runOnlyForDeploymentPostprocessing = 0;
		};
		DA0EBF142E17BD37006C2212 /* Frameworks */ = {
			isa = PBXFrameworksBuildPhase;
			buildActionMask = 2147483647;
			files = (
			);
			runOnlyForDeploymentPostprocessing = 0;
		};
		DA0EBF1E2E17BD37006C2212 /* Frameworks */ = {
			isa = PBXFrameworksBuildPhase;
			buildActionMask = 2147483647;
			files = (
			);
			runOnlyForDeploymentPostprocessing = 0;
		};
/* End PBXFrameworksBuildPhase section */

/* Begin PBXGroup section */
		DA0EBF012E17BD36006C2212 = {
			isa = PBXGroup;
			children = (
				DA0EBF0C2E17BD36006C2212 /* BSP&BP */,
				DA0EBF1A2E17BD37006C2212 /* BSP&BPTests */,
				DA0EBF242E17BD37006C2212 /* BSP&BPUITests */,
				DA0EBF0B2E17BD36006C2212 /* Products */,
			);
			sourceTree = "<group>";
		};
		DA0EBF0B2E17BD36006C2212 /* Products */ = {
			isa = PBXGroup;
			children = (
				DA0EBF0A2E17BD36006C2212 /* BSP&BP.app */,
				DA0EBF172E17BD37006C2212 /* BSP&BPTests.xctest */,
				DA0EBF212E17BD37006C2212 /* BSP&BPUITests.xctest */,
			);
			name = Products;
			sourceTree = "<group>";
		};
/* End PBXGroup section */

/* Begin PBXNativeTarget section */
		DA0EBF092E17BD36006C2212 /* BSP&BP */ = {
			isa = PBXNativeTarget;
			buildConfigurationList = DA0EBF2B2E17BD37006C2212 /* Build configuration list for PBXNativeTarget "BSP&BP" */;
			buildPhases = (
				DA0EBF062E17BD36006C2212 /* Sources */,
				DA0EBF072E17BD36006C2212 /* Frameworks */,
				DA0EBF082E17BD36006C2212 /* Resources */,
			);
			buildRules = (
			);
			dependencies = (
			);
			fileSystemSynchronizedGroups = (
				DA0EBF0C2E17BD36006C2212 /* BSP&BP */,
			);
			name = "BSP&BP";
			packageProductDependencies = (
			);
			productName = "BSP&BP";
			productReference = DA0EBF0A2E17BD36006C2212 /* BSP&BP.app */;
			productType = "com.apple.product-type.application";
		};
		DA0EBF162E17BD37006C2212 /* BSP&BPTests */ = {
			isa = PBXNativeTarget;
			buildConfigurationList = DA0EBF2E2E17BD37006C2212 /* Build configuration list for PBXNativeTarget "BSP&BPTests" */;
			buildPhases = (
				DA0EBF132E17BD37006C2212 /* Sources */,
				DA0EBF142E17BD37006C2212 /* Frameworks */,
				DA0EBF152E17BD37006C2212 /* Resources */,
			);
			buildRules = (
			);
			dependencies = (
				DA0EBF192E17BD37006C2212 /* PBXTargetDependency */,
			);
			fileSystemSynchronizedGroups = (
				DA0EBF1A2E17BD37006C2212 /* BSP&BPTests */,
			);
			name = "BSP&BPTests";
			packageProductDependencies = (
			);
			productName = "BSP&BPTests";
			productReference = DA0EBF172E17BD37006C2212 /* BSP&BPTests.xctest */;
			productType = "com.apple.product-type.bundle.unit-test";
		};
		DA0EBF202E17BD37006C2212 /* BSP&BPUITests */ = {
			isa = PBXNativeTarget;
			buildConfigurationList = DA0EBF312E17BD37006C2212 /* Build configuration list for PBXNativeTarget "BSP&BPUITests" */;
			buildPhases = (
				DA0EBF1D2E17BD37006C2212 /* Sources */,
				DA0EBF1E2E17BD37006C2212 /* Frameworks */,
				DA0EBF1F2E17BD37006C2212 /* Resources */,
			);
			buildRules = (
			);
			dependencies = (
				DA0EBF232E17BD37006C2212 /* PBXTargetDependency */,
			);
			fileSystemSynchronizedGroups = (
				DA0EBF242E17BD37006C2212 /* BSP&BPUITests */,
			);
			name = "BSP&BPUITests";
			packageProductDependencies = (
			);
			productName = "BSP&BPUITests";
			productReference = DA0EBF212E17BD37006C2212 /* BSP&BPUITests.xctest */;
			productType = "com.apple.product-type.bundle.ui-testing";
		};
/* End PBXNativeTarget section */

/* Begin PBXProject section */
		DA0EBF022E17BD36006C2212 /* Project object */ = {
			isa = PBXProject;
			attributes = {
				BuildIndependentTargetsInParallel = 1;
				LastSwiftUpdateCheck = 1640;
				LastUpgradeCheck = 1640;
				TargetAttributes = {
					DA0EBF092E17BD36006C2212 = {
						CreatedOnToolsVersion = 16.4;
					};
					DA0EBF162E17BD37006C2212 = {
						CreatedOnToolsVersion = 16.4;
						TestTargetID = DA0EBF092E17BD36006C2212;
					};
					DA0EBF202E17BD37006C2212 = {
						CreatedOnToolsVersion = 16.4;
						TestTargetID = DA0EBF092E17BD36006C2212;
					};
				};
			};
			buildConfigurationList = DA0EBF052E17BD36006C2212 /* Build configuration list for PBXProject "BSP&BP" */;
			developmentRegion = en;
			hasScannedForEncodings = 0;
			knownRegions = (
				en,
				Base,
			);
			mainGroup = DA0EBF012E17BD36006C2212;
			minimizedProjectReferenceProxies = 1;
			preferredProjectObjectVersion = 77;
			productRefGroup = DA0EBF0B2E17BD36006C2212 /* Products */;
			projectDirPath = "";
			projectRoot = "";
			targets = (
				DA0EBF092E17BD36006C2212 /* BSP&BP */,
				DA0EBF162E17BD37006C2212 /* BSP&BPTests */,
				DA0EBF202E17BD37006C2212 /* BSP&BPUITests */,
			);
		};
/* End PBXProject section */

/* Begin PBXResourcesBuildPhase section */
		DA0EBF082E17BD36006C2212 /* Resources */ = {
			isa = PBXResourcesBuildPhase;
			buildActionMask = 2147483647;
			files = (
			);
			runOnlyForDeploymentPostprocessing = 0;
		};
		DA0EBF152E17BD37006C2212 /* Resources */ = {
			isa = PBXResourcesBuildPhase;
			buildActionMask = 2147483647;
			files = (
			);
			runOnlyForDeploymentPostprocessing = 0;
		};
		DA0EBF1F2E17BD37006C2212 /* Resources */ = {
			isa = PBXResourcesBuildPhase;
			buildActionMask = 2147483647;
			files = (
			);
			runOnlyForDeploymentPostprocessing = 0;
		};
/* End PBXResourcesBuildPhase section */

/* Begin PBXSourcesBuildPhase section */
		DA0EBF062E17BD36006C2212 /* Sources */ = {
			isa = PBXSourcesBuildPhase;
			buildActionMask = 2147483647;
			files = (
			);
			runOnlyForDeploymentPostprocessing = 0;
		};
		DA0EBF132E17BD37006C2212 /* Sources */ = {
			isa = PBXSourcesBuildPhase;
			buildActionMask = 2147483647;
			files = (
			);
			runOnlyForDeploymentPostprocessing = 0;
		};
		DA0EBF1D2E17BD37006C2212 /* Sources */ = {
			isa = PBXSourcesBuildPhase;
			buildActionMask = 2147483647;
			files = (
			);
			runOnlyForDeploymentPostprocessing = 0;
		};
/* End PBXSourcesBuildPhase section */

/* Begin PBXTargetDependency section */
		DA0EBF192E17BD37006C2212 /* PBXTargetDependency */ = {
			isa = PBXTargetDependency;
			target = DA0EBF092E17BD36006C2212 /* BSP&BP */;
			targetProxy = DA0EBF182E17BD37006C2212 /* PBXContainerItemProxy */;
		};
		DA0EBF232E17BD37006C2212 /* PBXTargetDependency */ = {
			isa = PBXTargetDependency;
			target = DA0EBF092E17BD36006C2212 /* BSP&BP */;
			targetProxy = DA0EBF222E17BD37006C2212 /* PBXContainerItemProxy */;
		};
/* End PBXTargetDependency section */

/* Begin XCBuildConfiguration section */
		DA0EBF292E17BD37006C2212 /* Debug */ = {
			isa = XCBuildConfiguration;
			buildSettings = {
				ALWAYS_SEARCH_USER_PATHS = NO;
				ASSETCATALOG_COMPILER_GENERATE_SWIFT_ASSET_SYMBOL_EXTENSIONS = YES;
				CLANG_ANALYZER_NONNULL = YES;
				CLANG_ANALYZER_NUMBER_OBJECT_CONVERSION = YES_AGGRESSIVE;
				CLANG_CXX_LANGUAGE_STANDARD = "gnu++20";
				CLANG_ENABLE_MODULES = YES;
				CLANG_ENABLE_OBJC_ARC = YES;
				CLANG_ENABLE_OBJC_WEAK = YES;
				CLANG_WARN_BLOCK_CAPTURE_AUTORELEASING = YES;
				CLANG_WARN_BOOL_CONVERSION = YES;
				CLANG_WARN_COMMA = YES;
				CLANG_WARN_CONSTANT_CONVERSION = YES;
				CLANG_WARN_DEPRECATED_OBJC_IMPLEMENTATIONS = YES;
				CLANG_WARN_DIRECT_OBJC_ISA_USAGE = YES_ERROR;
				CLANG_WARN_DOCUMENTATION_COMMENTS = YES;
				CLANG_WARN_EMPTY_BODY = YES;
				CLANG_WARN_ENUM_CONVERSION = YES;
				CLANG_WARN_INFINITE_RECURSION = YES;
				CLANG_WARN_INT_CONVERSION = YES;
				CLANG_WARN_NON_LITERAL_NULL_CONVERSION = YES;
				CLANG_WARN_OBJC_IMPLICIT_RETAIN_SELF = YES;
				CLANG_WARN_OBJC_LITERAL_CONVERSION = YES;
				CLANG_WARN_OBJC_ROOT_CLASS = YES_ERROR;
				CLANG_WARN_QUOTED_INCLUDE_IN_FRAMEWORK_HEADER = YES;
				CLANG_WARN_RANGE_LOOP_ANALYSIS = YES;
				CLANG_WARN_STRICT_PROTOTYPES = YES;
				CLANG_WARN_SUSPICIOUS_MOVE = YES;
				CLANG_WARN_UNGUARDED_AVAILABILITY = YES_AGGRESSIVE;
				CLANG_WARN_UNREACHABLE_CODE = YES;
				CLANG_WARN__DUPLICATE_METHOD_MATCH = YES;
				COPY_PHASE_STRIP = NO;
				DEBUG_INFORMATION_FORMAT = dwarf;
				ENABLE_STRICT_OBJC_MSGSEND = YES;
				ENABLE_TESTABILITY = YES;
				ENABLE_USER_SCRIPT_SANDBOXING = YES;
				GCC_C_LANGUAGE_STANDARD = gnu17;
				GCC_DYNAMIC_NO_PIC = NO;
				GCC_NO_COMMON_BLOCKS = YES;
				GCC_OPTIMIZATION_LEVEL = 0;
				GCC_PREPROCESSOR_DEFINITIONS = (
					"DEBUG=1",
					"$(inherited)",
				);
				GCC_WARN_64_TO_32_BIT_CONVERSION = YES;
				GCC_WARN_ABOUT_RETURN_TYPE = YES_ERROR;
				GCC_WARN_UNDECLARED_SELECTOR = YES;
				GCC_WARN_UNINITIALIZED_AUTOS = YES_AGGRESSIVE;
				GCC_WARN_UNUSED_FUNCTION = YES;
				GCC_WARN_UNUSED_VARIABLE = YES;
				IPHONEOS_DEPLOYMENT_TARGET = 18.5;
				LOCALIZATION_PREFERS_STRING_CATALOGS = YES;
				MTL_ENABLE_DEBUG_INFO = INCLUDE_SOURCE;
				MTL_FAST_MATH = YES;
				ONLY_ACTIVE_ARCH = YES;
				SDKROOT = iphoneos;
				SWIFT_ACTIVE_COMPILATION_CONDITIONS = "DEBUG $(inherited)";
				SWIFT_OPTIMIZATION_LEVEL = "-Onone";
			};
			name = Debug;
		};
		DA0EBF2A2E17BD37006C2212 /* Release */ = {
			isa = XCBuildConfiguration;
			buildSettings = {
				ALWAYS_SEARCH_USER_PATHS = NO;
				ASSETCATALOG_COMPILER_GENERATE_SWIFT_ASSET_SYMBOL_EXTENSIONS = YES;
				CLANG_ANALYZER_NONNULL = YES;
				CLANG_ANALYZER_NUMBER_OBJECT_CONVERSION = YES_AGGRESSIVE;
				CLANG_CXX_LANGUAGE_STANDARD = "gnu++20";
				CLANG_ENABLE_MODULES = YES;
				CLANG_ENABLE_OBJC_ARC = YES;
				CLANG_ENABLE_OBJC_WEAK = YES;
				CLANG_WARN_BLOCK_CAPTURE_AUTORELEASING = YES;
				CLANG_WARN_BOOL_CONVERSION = YES;
				CLANG_WARN_COMMA = YES;
				CLANG_WARN_CONSTANT_CONVERSION = YES;
				CLANG_WARN_DEPRECATED_OBJC_IMPLEMENTATIONS = YES;
				CLANG_WARN_DIRECT_OBJC_ISA_USAGE = YES_ERROR;
				CLANG_WARN_DOCUMENTATION_COMMENTS = YES;
				CLANG_WARN_EMPTY_BODY = YES;
				CLANG_WARN_ENUM_CONVERSION = YES;
				CLANG_WARN_INFINITE_RECURSION = YES;
				CLANG_WARN_INT_CONVERSION = YES;
				CLANG_WARN_NON_LITERAL_NULL_CONVERSION = YES;
				CLANG_WARN_OBJC_IMPLICIT_RETAIN_SELF = YES;
				CLANG_WARN_OBJC_LITERAL_CONVERSION = YES;
				CLANG_WARN_OBJC_ROOT_CLASS = YES_ERROR;
				CLANG_WARN_QUOTED_INCLUDE_IN_FRAMEWORK_HEADER = YES;
				CLANG_WARN_RANGE_LOOP_ANALYSIS = YES;
				CLANG_WARN_STRICT_PROTOTYPES = YES;
				CLANG_WARN_SUSPICIOUS_MOVE = YES;
				CLANG_WARN_UNGUARDED_AVAILABILITY = YES_AGGRESSIVE;
				CLANG_WARN_UNREACHABLE_CODE = YES;
				CLANG_WARN__DUPLICATE_METHOD_MATCH = YES;
				COPY_PHASE_STRIP = NO;
				DEBUG_INFORMATION_FORMAT = "dwarf-with-dsym";
				ENABLE_NS_ASSERTIONS = NO;
				ENABLE_STRICT_OBJC_MSGSEND = YES;
				ENABLE_USER_SCRIPT_SANDBOXING = YES;
				GCC_C_LANGUAGE_STANDARD = gnu17;
				GCC_NO_COMMON_BLOCKS = YES;
				GCC_WARN_64_TO_32_BIT_CONVERSION = YES;
				GCC_WARN_ABOUT_RETURN_TYPE = YES_ERROR;
				GCC_WARN_UNDECLARED_SELECTOR = YES;
				GCC_WARN_UNINITIALIZED_AUTOS = YES_AGGRESSIVE;
				GCC_WARN_UNUSED_FUNCTION = YES;
				GCC_WARN_UNUSED_VARIABLE = YES;
				IPHONEOS_DEPLOYMENT_TARGET = 18.5;
				LOCALIZATION_PREFERS_STRING_CATALOGS = YES;
				MTL_ENABLE_DEBUG_INFO = NO;
				MTL_FAST_MATH = YES;
				SDKROOT = iphoneos;
				SWIFT_COMPILATION_MODE = wholemodule;
				VALIDATE_PRODUCT = YES;
			};
			name = Release;
		};
		DA0EBF2C2E17BD37006C2212 /* Debug */ = {
			isa = XCBuildConfiguration;
			buildSettings = {
				ASSETCATALOG_COMPILER_APPICON_NAME = AppIcon;
				ASSETCATALOG_COMPILER_GLOBAL_ACCENT_COLOR_NAME = AccentColor;
				CODE_SIGN_STYLE = Automatic;
				CURRENT_PROJECT_VERSION = 1;
				ENABLE_PREVIEWS = YES;
				GENERATE_INFOPLIST_FILE = YES;
				INFOPLIST_KEY_UIApplicationSceneManifest_Generation = YES;
				INFOPLIST_KEY_UIApplicationSupportsIndirectInputEvents = YES;
				INFOPLIST_KEY_UILaunchScreen_Generation = YES;
				INFOPLIST_KEY_UISupportedInterfaceOrientations_iPad = "UIInterfaceOrientationPortrait UIInterfaceOrientationPortraitUpsideDown UIInterfaceOrientationLandscapeLeft UIInterfaceOrientationLandscapeRight";
				INFOPLIST_KEY_UISupportedInterfaceOrientations_iPhone = "UIInterfaceOrientationPortrait UIInterfaceOrientationLandscapeLeft UIInterfaceOrientationLandscapeRight";
				LD_RUNPATH_SEARCH_PATHS = (
					"$(inherited)",
					"@executable_path/Frameworks",
				);
				MARKETING_VERSION = 1.0;
				PRODUCT_BUNDLE_IDENTIFIER = "APIPractice.BSP-BP";
				PRODUCT_NAME = "$(TARGET_NAME)";
				SWIFT_EMIT_LOC_STRINGS = YES;
				SWIFT_VERSION = 5.0;
				TARGETED_DEVICE_FAMILY = "1,2";
			};
			name = Debug;
		};
		DA0EBF2D2E17BD37006C2212 /* Release */ = {
			isa = XCBuildConfiguration;
			buildSettings = {
				ASSETCATALOG_COMPILER_APPICON_NAME = AppIcon;
				ASSETCATALOG_COMPILER_GLOBAL_ACCENT_COLOR_NAME = AccentColor;
				CODE_SIGN_STYLE = Automatic;
				CURRENT_PROJECT_VERSION = 1;
				ENABLE_PREVIEWS = YES;
				GENERATE_INFOPLIST_FILE = YES;
				INFOPLIST_KEY_UIApplicationSceneManifest_Generation = YES;
				INFOPLIST_KEY_UIApplicationSupportsIndirectInputEvents = YES;
				INFOPLIST_KEY_UILaunchScreen_Generation = YES;
				INFOPLIST_KEY_UISupportedInterfaceOrientations_iPad = "UIInterfaceOrientationPortrait UIInterfaceOrientationPortraitUpsideDown UIInterfaceOrientationLandscapeLeft UIInterfaceOrientationLandscapeRight";
				INFOPLIST_KEY_UISupportedInterfaceOrientations_iPhone = "UIInterfaceOrientationPortrait UIInterfaceOrientationLandscapeLeft UIInterfaceOrientationLandscapeRight";
				LD_RUNPATH_SEARCH_PATHS = (
					"$(inherited)",
					"@executable_path/Frameworks",
				);
				MARKETING_VERSION = 1.0;
				PRODUCT_BUNDLE_IDENTIFIER = "APIPractice.BSP-BP";
				PRODUCT_NAME = "$(TARGET_NAME)";
				SWIFT_EMIT_LOC_STRINGS = YES;
				SWIFT_VERSION = 5.0;
				TARGETED_DEVICE_FAMILY = "1,2";
			};
			name = Release;
		};
		DA0EBF2F2E17BD37006C2212 /* Debug */ = {
			isa = XCBuildConfiguration;
			buildSettings = {
				BUNDLE_LOADER = "$(TEST_HOST)";
				CODE_SIGN_STYLE = Automatic;
				CURRENT_PROJECT_VERSION = 1;
				GENERATE_INFOPLIST_FILE = YES;
				IPHONEOS_DEPLOYMENT_TARGET = 18.5;
				MARKETING_VERSION = 1.0;
				PRODUCT_BUNDLE_IDENTIFIER = "APIPractice.BSP-BPTests";
				PRODUCT_NAME = "$(TARGET_NAME)";
				SWIFT_EMIT_LOC_STRINGS = NO;
				SWIFT_VERSION = 5.0;
				TARGETED_DEVICE_FAMILY = "1,2";
				TEST_HOST = "$(BUILT_PRODUCTS_DIR)/BSP&BP.app/$(BUNDLE_EXECUTABLE_FOLDER_PATH)/BSP&BP";
			};
			name = Debug;
		};
		DA0EBF302E17BD37006C2212 /* Release */ = {
			isa = XCBuildConfiguration;
			buildSettings = {
				BUNDLE_LOADER = "$(TEST_HOST)";
				CODE_SIGN_STYLE = Automatic;
				CURRENT_PROJECT_VERSION = 1;
				GENERATE_INFOPLIST_FILE = YES;
				IPHONEOS_DEPLOYMENT_TARGET = 18.5;
				MARKETING_VERSION = 1.0;
				PRODUCT_BUNDLE_IDENTIFIER = "APIPractice.BSP-BPTests";
				PRODUCT_NAME = "$(TARGET_NAME)";
				SWIFT_EMIT_LOC_STRINGS = NO;
				SWIFT_VERSION = 5.0;
				TARGETED_DEVICE_FAMILY = "1,2";
				TEST_HOST = "$(BUILT_PRODUCTS_DIR)/BSP&BP.app/$(BUNDLE_EXECUTABLE_FOLDER_PATH)/BSP&BP";
			};
			name = Release;
		};
		DA0EBF322E17BD37006C2212 /* Debug */ = {
			isa = XCBuildConfiguration;
			buildSettings = {
				CODE_SIGN_STYLE = Automatic;
				CURRENT_PROJECT_VERSION = 1;
				GENERATE_INFOPLIST_FILE = YES;
				MARKETING_VERSION = 1.0;
				PRODUCT_BUNDLE_IDENTIFIER = "APIPractice.BSP-BPUITests";
				PRODUCT_NAME = "$(TARGET_NAME)";
				SWIFT_EMIT_LOC_STRINGS = NO;
				SWIFT_VERSION = 5.0;
				TARGETED_DEVICE_FAMILY = "1,2";
				TEST_TARGET_NAME = "BSP&BP";
			};
			name = Debug;
		};
		DA0EBF332E17BD37006C2212 /* Release */ = {
			isa = XCBuildConfiguration;
			buildSettings = {
				CODE_SIGN_STYLE = Automatic;
				CURRENT_PROJECT_VERSION = 1;
				GENERATE_INFOPLIST_FILE = YES;
				MARKETING_VERSION = 1.0;
				PRODUCT_BUNDLE_IDENTIFIER = "APIPractice.BSP-BPUITests";
				PRODUCT_NAME = "$(TARGET_NAME)";
				SWIFT_EMIT_LOC_STRINGS = NO;
				SWIFT_VERSION = 5.0;
				TARGETED_DEVICE_FAMILY = "1,2";
				TEST_TARGET_NAME = "BSP&BP";
			};
			name = Release;
		};
/* End XCBuildConfiguration section */

/* Begin XCConfigurationList section */
		DA0EBF052E17BD36006C2212 /* Build configuration list for PBXProject "BSP&BP" */ = {
			isa = XCConfigurationList;
			buildConfigurations = (
				DA0EBF292E17BD37006C2212 /* Debug */,
				DA0EBF2A2E17BD37006C2212 /* Release */,
			);
			defaultConfigurationIsVisible = 0;
			defaultConfigurationName = Release;
		};
		DA0EBF2B2E17BD37006C2212 /* Build configuration list for PBXNativeTarget "BSP&BP" */ = {
			isa = XCConfigurationList;
			buildConfigurations = (
				DA0EBF2C2E17BD37006C2212 /* Debug */,
				DA0EBF2D2E17BD37006C2212 /* Release */,
			);
			defaultConfigurationIsVisible = 0;
			defaultConfigurationName = Release;
		};
		DA0EBF2E2E17BD37006C2212 /* Build configuration list for PBXNativeTarget "BSP&BPTests" */ = {
			isa = XCConfigurationList;
			buildConfigurations = (
				DA0EBF2F2E17BD37006C2212 /* Debug */,
				DA0EBF302E17BD37006C2212 /* Release */,
			);
			defaultConfigurationIsVisible = 0;
			defaultConfigurationName = Release;
		};
		DA0EBF312E17BD37006C2212 /* Build configuration list for PBXNativeTarget "BSP&BPUITests" */ = {
			isa = XCConfigurationList;
			buildConfigurations = (
				DA0EBF322E17BD37006C2212 /* Debug */,
				DA0EBF332E17BD37006C2212 /* Release */,
			);
			defaultConfigurationIsVisible = 0;
			defaultConfigurationName = Release;
		};
/* End XCConfigurationList section */
	};
	rootObject = DA0EBF022E17BD36006C2212 /* Project object */;
}
